
Microsoft Visual Studio Solution File, Format Version 12.00
# Visual Studio Version 17
VisualStudioVersion = 17.6.33815.320
MinimumVisualStudioVersion = 10.0.40219.1
Project("{9A19103F-16F7-4668-BE54-9A1E7A4F7556}") = "FilmUpMovie", "FilmUpMovie\FilmUpMovie.csproj", "{F6BB6E31-9022-4FDD-B90D-6C3F75A28AB3}"
EndProject
Global
	GlobalSection(SolutionConfigurationPlatforms) = preSolution
		Debug|Any CPU = Debug|Any CPU
		Release|Any CPU = Release|Any CPU
	EndGlobalSection
	GlobalSection(ProjectConfigurationPlatforms) = postSolution
		{F6BB6E31-9022-4FDD-B90D-6C3F75A28AB3}.Debug|Any CPU.ActiveCfg = Debug|Any CPU
		{F6BB6E31-9022-4FDD-B90D-6C3F75A28AB3}.Debug|Any CPU.Build.0 = Debug|Any CPU
		{F6BB6E31-9022-4FDD-B90D-6C3F75A28AB3}.Release|Any CPU.ActiveCfg = Release|Any CPU
		{F6BB6E31-9022-4FDD-B90D-6C3F75A28AB3}.Release|Any CPU.Build.0 = Release|Any CPU
	EndGlobalSection
	GlobalSection(SolutionProperties) = preSolution
		HideSolutionNode = FALSE
	EndGlobalSection
	GlobalSection(ExtensibilityGlobals) = postSolution
		SolutionGuid = {65DF2920-0B6D-43E8-B95C-6753040D7F9E}
	EndGlobalSection
EndGlobal
